
Microsoft Visual Studio Solution File, Format Version 12.00
# Visual Studio Version 17
VisualStudioVersion = 17.13.35818.85 d17.13
MinimumVisualStudioVersion = 10.0.40219.1
Project("{FAE04EC0-301F-11D3-BF4B-00C04F79EFBC}") = "Book-LibraryManagement", "Book-LibraryManagement\Book-LibraryManagement.csproj", "{D62796B2-1DE9-48D2-8A14-685E313E290D}"
EndProject
Global
	GlobalSection(SolutionConfigurationPlatforms) = preSolution
		Debug|Any CPU = Debug|Any CPU
		Release|Any CPU = Release|Any CPU
	EndGlobalSection
	GlobalSection(ProjectConfigurationPlatforms) = postSolution
		{D62796B2-1DE9-48D2-8A14-685E313E290D}.Debug|Any CPU.ActiveCfg = Debug|Any CPU
		{D62796B2-1DE9-48D2-8A14-685E313E290D}.Debug|Any CPU.Build.0 = Debug|Any CPU
		{D62796B2-1DE9-48D2-8A14-685E313E290D}.Release|Any CPU.ActiveCfg = Release|Any CPU
		{D62796B2-1DE9-48D2-8A14-685E313E290D}.Release|Any CPU.Build.0 = Release|Any CPU
	EndGlobalSection
	GlobalSection(SolutionProperties) = preSolution
		HideSolutionNode = FALSE
	EndGlobalSection
	GlobalSection(ExtensibilityGlobals) = postSolution
		SolutionGuid = {774E1126-A3B4-4820-BD7D-0FC64E9A4FEE}
	EndGlobalSection
EndGlobal
